
Microsoft Visual Studio Solution File, Format Version 12.00
# Visual Studio Version 17
VisualStudioVersion = 17.8.34316.72
MinimumVisualStudioVersion = 10.0.40219.1
Project("{FAE04EC0-301F-11D3-BF4B-00C04F79EFBC}") = "EuroExplorer", "EuroExplorer.csproj", "{75F0397A-C9B2-4E63-A923-5757C35E2B2E}"
EndProject
Global
	GlobalSection(SolutionConfigurationPlatforms) = preSolution
		Debug|Any CPU = Debug|Any CPU
		Release|Any CPU = Release|Any CPU
	EndGlobalSection
	GlobalSection(ProjectConfigurationPlatforms) = postSolution
		{75F0397A-C9B2-4E63-A923-5757C35E2B2E}.Debug|Any CPU.ActiveCfg = Debug|Any CPU
		{75F0397A-C9B2-4E63-A923-5757C35E2B2E}.Debug|Any CPU.Build.0 = Debug|Any CPU
		{75F0397A-C9B2-4E63-A923-5757C35E2B2E}.Release|Any CPU.ActiveCfg = Release|Any CPU
		{75F0397A-C9B2-4E63-A923-5757C35E2B2E}.Release|Any CPU.Build.0 = Release|Any CPU
	EndGlobalSection
	GlobalSection(SolutionProperties) = preSolution
		HideSolutionNode = FALSE
	EndGlobalSection
	GlobalSection(ExtensibilityGlobals) = postSolution
		SolutionGuid = {FB372541-6E2C-430F-98DF-B34F6E80A06C}
	EndGlobalSection
EndGlobal
